{
    "_readme": [
        "This file locks the dependencies of your project to a known state",
        "Read more about it at https://getcomposer.org/doc/01-basic-usage.md#composer-lock-the-lock-file",
        "This file is @generated automatically"
    ],
    "hash": "3a03cae378afa683876b9953eb332150",
    "content-hash": "3f069574a200723454d49fc2f547d077",
    "packages": [
        {
            "name": "overtrue/phplint",
            "version": "0.2.4",
            "source": {
                "type": "git",
                "url": "https://github.com/overtrue/phplint.git",
                "reference": "a91ee994f098afe256e2926140e916d25838f4fb"
            },
            "dist": {
                "type": "zip",
                "url": "https://api.github.com/repos/overtrue/phplint/zipball/a91ee994f098afe256e2926140e916d25838f4fb",
                "reference": "a91ee994f098afe256e2926140e916d25838f4fb",
                "shasum": ""
            },
            "require": {
                "php": ">=5.5.9",
                "symfony/console": "^2.7|^3.0",
                "symfony/finder": "^2.7|^3.0",
                "symfony/process": "^2.7|^3.0",
                "symfony/yaml": "^2.7|^3.0"
            },
            "bin": [
                "bin/phplint"
            ],
            "type": "library",
            "autoload": {
                "psr-4": {
                    "Overtrue\\PHPLint\\": "src/"
                }
            },
            "notification-url": "https://packagist.org/downloads/",
            "license": [
                "MIT"
            ],
            "authors": [
                {
                    "name": "overtrue",
                    "email": "anzhengchao@gmail.com"
                }
            ],
            "description": "a php syntax check tool.",
            "keywords": [
                "check",
                "lint",
                "phplint",
                "syntax"
            ],
            "time": "2017-07-07 09:17:59"
        },
        {
            "name": "psr/log",
            "version": "1.0.2",
            "source": {
                "type": "git",
                "url": "https://github.com/php-fig/log.git",
                "reference": "4ebe3a8bf773a19edfe0a84b6585ba3d401b724d"
            },
            "dist": {
                "type": "zip",
                "url": "https://api.github.com/repos/php-fig/log/zipball/4ebe3a8bf773a19edfe0a84b6585ba3d401b724d",
                "reference": "4ebe3a8bf773a19edfe0a84b6585ba3d401b724d",
                "shasum": ""
            },
            "require": {
                "php": ">=5.3.0"
            },
            "type": "library",
            "extra": {
                "branch-alias": {
                    "dev-master": "1.0.x-dev"
                }
            },
            "autoload": {
                "psr-4": {
                    "Psr\\Log\\": "Psr/Log/"
                }
            },
            "notification-url": "https://packagist.org/downloads/",
            "license": [
                "MIT"
            ],
            "authors": [
                {
                    "name": "PHP-FIG",
                    "homepage": "http://www.php-fig.org/"
                }
            ],
            "description": "Common interface for logging libraries",
            "homepage": "https://github.com/php-fig/log",
            "keywords": [
                "log",
                "psr",
                "psr-3"
            ],
            "time": "2016-10-10 12:19:37"
        },
        {
            "name": "symfony/console",
            "version": "v3.3.10",
            "source": {
                "type": "git",
                "url": "https://github.com/symfony/console.git",
                "reference": "116bc56e45a8e5572e51eb43ab58c769a352366c"
            },
            "dist": {
                "type": "zip",
                "url": "https://api.github.com/repos/symfony/console/zipball/116bc56e45a8e5572e51eb43ab58c769a352366c",
                "reference": "116bc56e45a8e5572e51eb43ab58c769a352366c",
                "shasum": ""
            },
            "require": {
                "php": "^5.5.9|>=7.0.8",
                "symfony/debug": "~2.8|~3.0",
                "symfony/polyfill-mbstring": "~1.0"
            },
            "conflict": {
                "symfony/dependency-injection": "<3.3"
            },
            "require-dev": {
                "psr/log": "~1.0",
                "symfony/config": "~3.3",
                "symfony/dependency-injection": "~3.3",
                "symfony/event-dispatcher": "~2.8|~3.0",
                "symfony/filesystem": "~2.8|~3.0",
                "symfony/process": "~2.8|~3.0"
            },
            "suggest": {
                "psr/log": "For using the console logger",
                "symfony/event-dispatcher": "",
                "symfony/filesystem": "",
                "symfony/process": ""
            },
            "type": "library",
            "extra": {
                "branch-alias": {
                    "dev-master": "3.3-dev"
                }
            },
            "autoload": {
                "psr-4": {
                    "Symfony\\Component\\Console\\": ""
                },
                "exclude-from-classmap": [
                    "/Tests/"
                ]
            },
            "notification-url": "https://packagist.org/downloads/",
            "license": [
                "MIT"
            ],
            "authors": [
                {
                    "name": "Fabien Potencier",
                    "email": "fabien@symfony.com"
                },
                {
                    "name": "Symfony Community",
                    "homepage": "https://symfony.com/contributors"
                }
            ],
            "description": "Symfony Console Component",
            "homepage": "https://symfony.com",
            "time": "2017-10-02 06:42:24"
        },
        {
            "name": "symfony/debug",
            "version": "v3.3.10",
            "source": {
                "type": "git",
                "url": "https://github.com/symfony/debug.git",
                "reference": "eb95d9ce8f18dcc1b3dfff00cb624c402be78ffd"
            },
            "dist": {
                "type": "zip",
                "url": "https://api.github.com/repos/symfony/debug/zipball/eb95d9ce8f18dcc1b3dfff00cb624c402be78ffd",
                "reference": "eb95d9ce8f18dcc1b3dfff00cb624c402be78ffd",
                "shasum": ""
            },
            "require": {
                "php": "^5.5.9|>=7.0.8",
                "psr/log": "~1.0"
            },
            "conflict": {
                "symfony/http-kernel": ">=2.3,<2.3.24|~2.4.0|>=2.5,<2.5.9|>=2.6,<2.6.2"
            },
            "require-dev": {
                "symfony/http-kernel": "~2.8|~3.0"
            },
            "type": "library",
            "extra": {
                "branch-alias": {
                    "dev-master": "3.3-dev"
                }
            },
            "autoload": {
                "psr-4": {
                    "Symfony\\Component\\Debug\\": ""
                },
                "exclude-from-classmap": [
                    "/Tests/"
                ]
            },
            "notification-url": "https://packagist.org/downloads/",
            "license": [
                "MIT"
            ],
            "authors": [
                {
                    "name": "Fabien Potencier",
                    "email": "fabien@symfony.com"
                },
                {
                    "name": "Symfony Community",
                    "homepage": "https://symfony.com/contributors"
                }
            ],
            "description": "Symfony Debug Component",
            "homepage": "https://symfony.com",
            "time": "2017-10-02 06:42:24"
        },
        {
            "name": "symfony/finder",
            "version": "v3.3.10",
            "source": {
                "type": "git",
                "url": "https://github.com/symfony/finder.git",
                "reference": "773e19a491d97926f236942484cb541560ce862d"
            },
            "dist": {
                "type": "zip",
                "url": "https://api.github.com/repos/symfony/finder/zipball/773e19a491d97926f236942484cb541560ce862d",
                "reference": "773e19a491d97926f236942484cb541560ce862d",
                "shasum": ""
            },
            "require": {
                "php": "^5.5.9|>=7.0.8"
            },
            "type": "library",
            "extra": {
                "branch-alias": {
                    "dev-master": "3.3-dev"
                }
            },
            "autoload": {
                "psr-4": {
                    "Symfony\\Component\\Finder\\": ""
                },
                "exclude-from-classmap": [
                    "/Tests/"
                ]
            },
            "notification-url": "https://packagist.org/downloads/",
            "license": [
                "MIT"
            ],
            "authors": [
                {
                    "name": "Fabien Potencier",
                    "email": "fabien@symfony.com"
                },
                {
                    "name": "Symfony Community",
                    "homepage": "https://symfony.com/contributors"
                }
            ],
            "description": "Symfony Finder Component",
            "homepage": "https://symfony.com",
            "time": "2017-10-02 06:42:24"
        },
        {
            "name": "symfony/polyfill-mbstring",
            "version": "v1.5.0",
            "source": {
                "type": "git",
                "url": "https://github.com/symfony/polyfill-mbstring.git",
                "reference": "7c8fae0ac1d216eb54349e6a8baa57d515fe8803"
            },
            "dist": {
                "type": "zip",
                "url": "https://api.github.com/repos/symfony/polyfill-mbstring/zipball/7c8fae0ac1d216eb54349e6a8baa57d515fe8803",
                "reference": "7c8fae0ac1d216eb54349e6a8baa57d515fe8803",
                "shasum": ""
            },
            "require": {
                "php": ">=5.3.3"
            },
            "suggest": {
                "ext-mbstring": "For best performance"
            },
            "type": "library",
            "extra": {
                "branch-alias": {
                    "dev-master": "1.5-dev"
                }
            },
            "autoload": {
                "psr-4": {
                    "Symfony\\Polyfill\\Mbstring\\": ""
                },
                "files": [
                    "bootstrap.php"
                ]
            },
            "notification-url": "https://packagist.org/downloads/",
            "license": [
                "MIT"
            ],
            "authors": [
                {
                    "name": "Nicolas Grekas",
                    "email": "p@tchwork.com"
                },
                {
                    "name": "Symfony Community",
                    "homepage": "https://symfony.com/contributors"
                }
            ],
            "description": "Symfony polyfill for the Mbstring extension",
            "homepage": "https://symfony.com",
            "keywords": [
                "compatibility",
                "mbstring",
                "polyfill",
                "portable",
                "shim"
            ],
            "time": "2017-06-14 15:44:48"
        },
        {
            "name": "symfony/process",
            "version": "v3.3.10",
            "source": {
                "type": "git",
                "url": "https://github.com/symfony/process.git",
                "reference": "fdf89e57a723a29baf536e288d6e232c059697b1"
            },
            "dist": {
                "type": "zip",
                "url": "https://api.github.com/repos/symfony/process/zipball/fdf89e57a723a29baf536e288d6e232c059697b1",
                "reference": "fdf89e57a723a29baf536e288d6e232c059697b1",
                "shasum": ""
            },
            "require": {
                "php": "^5.5.9|>=7.0.8"
            },
            "type": "library",
            "extra": {
                "branch-alias": {
                    "dev-master": "3.3-dev"
                }
            },
            "autoload": {
                "psr-4": {
                    "Symfony\\Component\\Process\\": ""
                },
                "exclude-from-classmap": [
                    "/Tests/"
                ]
            },
            "notification-url": "https://packagist.org/downloads/",
            "license": [
                "MIT"
            ],
            "authors": [
                {
                    "name": "Fabien Potencier",
                    "email": "fabien@symfony.com"
                },
                {
                    "name": "Symfony Community",
                    "homepage": "https://symfony.com/contributors"
                }
            ],
            "description": "Symfony Process Component",
            "homepage": "https://symfony.com",
            "time": "2017-10-02 06:42:24"
        },
        {
            "name": "symfony/yaml",
            "version": "v3.3.10",
            "source": {
                "type": "git",
                "url": "https://github.com/symfony/yaml.git",
                "reference": "8c7bf1e7d5d6b05a690b715729cb4cd0c0a99c46"
            },
            "dist": {
                "type": "zip",
                "url": "https://api.github.com/repos/symfony/yaml/zipball/8c7bf1e7d5d6b05a690b715729cb4cd0c0a99c46",
                "reference": "8c7bf1e7d5d6b05a690b715729cb4cd0c0a99c46",
                "shasum": ""
            },
            "require": {
                "php": "^5.5.9|>=7.0.8"
            },
            "require-dev": {
                "symfony/console": "~2.8|~3.0"
            },
            "suggest": {
                "symfony/console": "For validating YAML files using the lint command"
            },
            "type": "library",
            "extra": {
                "branch-alias": {
                    "dev-master": "3.3-dev"
                }
            },
            "autoload": {
                "psr-4": {
                    "Symfony\\Component\\Yaml\\": ""
                },
                "exclude-from-classmap": [
                    "/Tests/"
                ]
            },
            "notification-url": "https://packagist.org/downloads/",
            "license": [
                "MIT"
            ],
            "authors": [
                {
                    "name": "Fabien Potencier",
                    "email": "fabien@symfony.com"
                },
                {
                    "name": "Symfony Community",
                    "homepage": "https://symfony.com/contributors"
                }
            ],
            "description": "Symfony Yaml Component",
            "homepage": "https://symfony.com",
            "time": "2017-10-05 14:43:42"
        },
        {
            "name": "tuupola/base58",
            "version": "0.1.0",
            "source": {
                "type": "git",
                "url": "https://github.com/tuupola/base58.git",
                "reference": "5f9205ccee425fb09b8bb2939b99cce836dc28c8"
            },
            "dist": {
                "type": "zip",
                "url": "https://api.github.com/repos/tuupola/base58/zipball/5f9205ccee425fb09b8bb2939b99cce836dc28c8",
                "reference": "5f9205ccee425fb09b8bb2939b99cce836dc28c8",
                "shasum": ""
            },
            "require": {
                "overtrue/phplint": "^0.2.1",
                "php": "^5.5 || ^7.0"
            },
            "require-dev": {
                "paragonie/random_compat": "^2.0",
                "phpbench/phpbench": "^0.13.0",
                "phpunit/phpunit": "^4.8",
                "squizlabs/php_codesniffer": "^2.5"
            },
            "type": "library",
            "autoload": {
                "psr-4": {
                    "Tuupola\\": "src"
                }
            },
            "notification-url": "https://packagist.org/downloads/",
            "license": [
                "MIT"
            ],
            "authors": [
                {
                    "name": "Mika Tuupola",
                    "email": "tuupola@appelsiini.net",
                    "homepage": "http://www.appelsiini.net/",
                    "role": "Developer"
                }
            ],
            "description": "Base58 encoder and decoder for arbitrary data",
            "homepage": "https://github.com/tuupola/base58",
            "keywords": [
                "base58"
            ],
            "time": "2017-06-09 14:16:10"
        }
    ],
    "packages-dev": [],
    "aliases": [],
    "minimum-stability": "stable",
    "stability-flags": [],
    "prefer-stable": false,
    "prefer-lowest": false,
    "platform": [],
    "platform-dev": []
}
